
Microsoft Visual Studio Solution File, Format Version 12.00
# Visual Studio 15
VisualStudioVersion = 15.0.28307.572
MinimumVisualStudioVersion = 10.0.40219.1
Project("{FAE04EC0-301F-11D3-BF4B-00C04F79EFBC}") = "ADO.net", "ADO.net\ADO.net.csproj", "{F408488B-CE88-43DD-BB4B-600087ECCD57}"
EndProject
Global
	GlobalSection(SolutionConfigurationPlatforms) = preSolution
		Debug|Any CPU = Debug|Any CPU
		Release|Any CPU = Release|Any CPU
	EndGlobalSection
	GlobalSection(ProjectConfigurationPlatforms) = postSolution
		{F408488B-CE88-43DD-BB4B-600087ECCD57}.Debug|Any CPU.ActiveCfg = Debug|Any CPU
		{F408488B-CE88-43DD-BB4B-600087ECCD57}.Debug|Any CPU.Build.0 = Debug|Any CPU
		{F408488B-CE88-43DD-BB4B-600087ECCD57}.Release|Any CPU.ActiveCfg = Release|Any CPU
		{F408488B-CE88-43DD-BB4B-600087ECCD57}.Release|Any CPU.Build.0 = Release|Any CPU
	EndGlobalSection
	GlobalSection(SolutionProperties) = preSolution
		HideSolutionNode = FALSE
	EndGlobalSection
	GlobalSection(ExtensibilityGlobals) = postSolution
		SolutionGuid = {AB92487A-78B2-4AC9-9027-8F7A103E305D}
	EndGlobalSection
EndGlobal
